// !$*UTF8*$!
{
	archiveVersion = 1;
	classes = {
	};
	objectVersion = 77;
	objects = {

/* Begin PBXBuildFile section */
		422F63BD2EB960C900A83440 /* GoogleSignIn in Frameworks */ = {isa = PBXBuildFile; productRef = 422F63BC2EB960C900A83440 /* GoogleSignIn */; };
		422F63BF2EB960F300A83440 /* GoogleSignInSwift in Frameworks */ = {isa = PBXBuildFile; productRef = 422F63BE2EB960F300A83440 /* GoogleSignInSwift */; };
		B50000102FCB3CD800AD7420 /* AddShoppingItemIntent.swift in Sources */ = {isa = PBXBuildFile; fileRef = B50010012FCB3CD800AD7420 /* AddShoppingItemIntent.swift */; };
		B50000112FCB3CD800AD7420 /* ShoppingListEntity.swift in Sources */ = {isa = PBXBuildFile; fileRef = B50010022FCB3CD800AD7420 /* ShoppingListEntity.swift */; };
		B50000122FCB3CD800AD7420 /* FasterFoodsShortcuts.swift in Sources */ = {isa = PBXBuildFile; fileRef = B50010032FCB3CD800AD7420 /* FasterFoodsShortcuts.swift */; };
		B50000132FCB3CD800AD7420 /* FasterFoodsIntents.swift in Sources */ = {isa = PBXBuildFile; fileRef = B50010042FCB3CD800AD7420 /* FasterFoodsIntents.swift */; };
		B50000142FCB3CD800AD7420 /* ShoppingListIntentService.swift in Sources */ = {isa = PBXBuildFile; fileRef = B500100A2FCB3CDC00AD7420 /* ShoppingListIntentService.swift */; };
		B50000152FCB3CD800AD7420 /* AppGroup.swift in Sources */ = {isa = PBXBuildFile; fileRef = B50010092FCB3CDC00AD7420 /* AppGroup.swift */; };
		B50000162FCB3CD800AD7420 /* APIClient.swift in Sources */ = {isa = PBXBuildFile; fileRef = B50010072FCB3CDC00AD7420 /* APIClient.swift */; };
		B50000172FCB3CD800AD7420 /* APIModels.swift in Sources */ = {isa = PBXBuildFile; fileRef = B50010082FCB3CDC00AD7420 /* APIModels.swift */; };
		B50000182FCB3D0B00AD7420 /* FasterFoodsIntents.appex in Embed App Extensions */ = {isa = PBXBuildFile; fileRef = B50010062FCB3CD800AD7420 /* FasterFoodsIntents.appex */; settings = {ATTRIBUTES = (RemoveHeadersOnCopy, ); }; };
/* End PBXBuildFile section */

/* Begin PBXContainerItemProxy section */
		421EA8912E45607100C54B3B /* PBXContainerItemProxy */ = {
			isa = PBXContainerItemProxy;
			containerPortal = 421EA87B2E45607000C54B3B /* Project object */;
			proxyType = 1;
			remoteGlobalIDString = 421EA8822E45607000C54B3B;
			remoteInfo = FasterFoods;
		};
		421EA89B2E45607100C54B3B /* PBXContainerItemProxy */ = {
			isa = PBXContainerItemProxy;
			containerPortal = 421EA87B2E45607000C54B3B /* Project object */;
			proxyType = 1;
			remoteGlobalIDString = 421EA8822E45607000C54B3B;
			remoteInfo = FasterFoods;
		};
		B50000202FCB3D3200AD7420 /* PBXContainerItemProxy */ = {
			isa = PBXContainerItemProxy;
			containerPortal = 421EA87B2E45607000C54B3B /* Project object */;
			proxyType = 1;
			remoteGlobalIDString = B50020002FCB3CCF00AD7420;
			remoteInfo = FasterFoodsIntents;
		};
/* End PBXContainerItemProxy section */

/* Begin PBXCopyFilesBuildPhase section */
		B50030042FCB3D0B00AD7420 /* Embed App Extensions */ = {
			isa = PBXCopyFilesBuildPhase;
			buildActionMask = 2147483647;
			dstPath = "";
			dstSubfolderSpec = 13;
			files = (
				B50000182FCB3D0B00AD7420 /* FasterFoodsIntents.appex in Embed App Extensions */,
			);
			name = "Embed App Extensions";
			runOnlyForDeploymentPostprocessing = 0;
		};
/* End PBXCopyFilesBuildPhase section */

/* Begin PBXFileReference section */
		421EA8832E45607000C54B3B /* FasterFoods.app */ = {isa = PBXFileReference; explicitFileType = wrapper.application; includeInIndex = 0; path = FasterFoods.app; sourceTree = BUILT_PRODUCTS_DIR; };
		421EA8902E45607100C54B3B /* FasterFoodsTests.xctest */ = {isa = PBXFileReference; explicitFileType = wrapper.cfbundle; includeInIndex = 0; path = FasterFoodsTests.xctest; sourceTree = BUILT_PRODUCTS_DIR; };
		421EA89A2E45607100C54B3B /* FasterFoodsUITests.xctest */ = {isa = PBXFileReference; explicitFileType = wrapper.cfbundle; includeInIndex = 0; path = FasterFoodsUITests.xctest; sourceTree = BUILT_PRODUCTS_DIR; };
		B50010012FCB3CD800AD7420 /* AddShoppingItemIntent.swift */ = {isa = PBXFileReference; lastKnownFileType = sourcecode.swift; name = AddShoppingItemIntent.swift; path = FasterFoods/Shortcuts/AddShoppingItemIntent.swift; sourceTree = SOURCE_ROOT; };
		B50010022FCB3CD800AD7420 /* ShoppingListEntity.swift */ = {isa = PBXFileReference; lastKnownFileType = sourcecode.swift; name = ShoppingListEntity.swift; path = FasterFoods/Shortcuts/ShoppingListEntity.swift; sourceTree = SOURCE_ROOT; };
		B50010032FCB3CD800AD7420 /* FasterFoodsShortcuts.swift */ = {isa = PBXFileReference; lastKnownFileType = sourcecode.swift; name = FasterFoodsShortcuts.swift; path = FasterFoods/Shortcuts/FasterFoodsShortcuts.swift; sourceTree = SOURCE_ROOT; };
		B50010042FCB3CD800AD7420 /* FasterFoodsIntents.swift */ = {isa = PBXFileReference; lastKnownFileType = sourcecode.swift; path = FasterFoodsIntents.swift; sourceTree = "<group>"; };
		B50010052FCB3CD800AD7420 /* Info.plist */ = {isa = PBXFileReference; lastKnownFileType = text.plist.xml; path = Info.plist; sourceTree = "<group>"; };
		B50010062FCB3CD800AD7420 /* FasterFoodsIntents.appex */ = {isa = PBXFileReference; explicitFileType = "wrapper.app-extension"; includeInIndex = 0; path = FasterFoodsIntents.appex; sourceTree = BUILT_PRODUCTS_DIR; };
		B50010072FCB3CDC00AD7420 /* APIClient.swift */ = {isa = PBXFileReference; lastKnownFileType = sourcecode.swift; name = APIClient.swift; path = FasterFoods/APIClient.swift; sourceTree = SOURCE_ROOT; };
		B50010082FCB3CDC00AD7420 /* APIModels.swift */ = {isa = PBXFileReference; lastKnownFileType = sourcecode.swift; name = APIModels.swift; path = FasterFoods/APIModels.swift; sourceTree = SOURCE_ROOT; };
		B50010092FCB3CDC00AD7420 /* AppGroup.swift */ = {isa = PBXFileReference; lastKnownFileType = sourcecode.swift; name = AppGroup.swift; path = FasterFoods/Shared/AppGroup.swift; sourceTree = SOURCE_ROOT; };
		B500100A2FCB3CDC00AD7420 /* ShoppingListIntentService.swift */ = {isa = PBXFileReference; lastKnownFileType = sourcecode.swift; name = ShoppingListIntentService.swift; path = FasterFoods/Shared/ShoppingListIntentService.swift; sourceTree = SOURCE_ROOT; };
		B500100B2FCB3CE300AD7420 /* FasterFoodsIntents.entitlements */ = {isa = PBXFileReference; lastKnownFileType = text.plist.entitlements; path = FasterFoodsIntents.entitlements; sourceTree = "<group>"; };
/* End PBXFileReference section */

/* Begin PBXFileSystemSynchronizedBuildFileExceptionSet section */
		422F63CF2EB967E200A83440 /* Exceptions for "FasterFoods" folder in "FasterFoods" target */ = {
			isa = PBXFileSystemSynchronizedBuildFileExceptionSet;
			membershipExceptions = (
				Info.plist,
			);
			target = 421EA8822E45607000C54B3B /* FasterFoods */;
		};
/* End PBXFileSystemSynchronizedBuildFileExceptionSet section */

/* Begin PBXFileSystemSynchronizedRootGroup section */
		421EA8852E45607000C54B3B /* FasterFoods */ = {
			isa = PBXFileSystemSynchronizedRootGroup;
			exceptions = (
				422F63CF2EB967E200A83440 /* Exceptions for "FasterFoods" folder in "FasterFoods" target */,
			);
			path = FasterFoods;
			sourceTree = "<group>";
		};
		421EA8932E45607100C54B3B /* FasterFoodsTests */ = {
			isa = PBXFileSystemSynchronizedRootGroup;
			path = FasterFoodsTests;
			sourceTree = "<group>";
		};
		421EA89D2E45607100C54B3B /* FasterFoodsUITests */ = {
			isa = PBXFileSystemSynchronizedRootGroup;
			path = FasterFoodsUITests;
			sourceTree = "<group>";
		};
/* End PBXFileSystemSynchronizedRootGroup section */

/* Begin PBXFrameworksBuildPhase section */
		421EA8802E45607000C54B3B /* Frameworks */ = {
			isa = PBXFrameworksBuildPhase;
			buildActionMask = 2147483647;
			files = (
				422F63BD2EB960C900A83440 /* GoogleSignIn in Frameworks */,
				422F63BF2EB960F300A83440 /* GoogleSignInSwift in Frameworks */,
			);
			runOnlyForDeploymentPostprocessing = 0;
		};
		421EA88D2E45607100C54B3B /* Frameworks */ = {
			isa = PBXFrameworksBuildPhase;
			buildActionMask = 2147483647;
			files = (
			);
			runOnlyForDeploymentPostprocessing = 0;
		};
		421EA8972E45607100C54B3B /* Frameworks */ = {
			isa = PBXFrameworksBuildPhase;
			buildActionMask = 2147483647;
			files = (
			);
			runOnlyForDeploymentPostprocessing = 0;
		};
		B50030012FCB3CCF00AD7420 /* Frameworks */ = {
			isa = PBXFrameworksBuildPhase;
			buildActionMask = 2147483647;
			files = (
			);
			runOnlyForDeploymentPostprocessing = 0;
		};
/* End PBXFrameworksBuildPhase section */

/* Begin PBXGroup section */
		421EA87A2E45607000C54B3B = {
			isa = PBXGroup;
			children = (
				421EA8852E45607000C54B3B /* FasterFoods */,
				421EA8932E45607100C54B3B /* FasterFoodsTests */,
				421EA89D2E45607100C54B3B /* FasterFoodsUITests */,
				B50020012FCB3CD800AD7420 /* FasterFoodsIntents */,
				421EA8842E45607000C54B3B /* Products */,
			);
			sourceTree = "<group>";
		};
		421EA8842E45607000C54B3B /* Products */ = {
			isa = PBXGroup;
			children = (
				421EA8832E45607000C54B3B /* FasterFoods.app */,
				421EA8902E45607100C54B3B /* FasterFoodsTests.xctest */,
				421EA89A2E45607100C54B3B /* FasterFoodsUITests.xctest */,
				B50010062FCB3CD800AD7420 /* FasterFoodsIntents.appex */,
			);
			name = Products;
			sourceTree = "<group>";
		};
		B50020012FCB3CD800AD7420 /* FasterFoodsIntents */ = {
			isa = PBXGroup;
			children = (
				B50010012FCB3CD800AD7420 /* AddShoppingItemIntent.swift */,
				B50010022FCB3CD800AD7420 /* ShoppingListEntity.swift */,
				B50010032FCB3CD800AD7420 /* FasterFoodsShortcuts.swift */,
				B50010042FCB3CD800AD7420 /* FasterFoodsIntents.swift */,
				B50010052FCB3CD800AD7420 /* Info.plist */,
				B500100B2FCB3CE300AD7420 /* FasterFoodsIntents.entitlements */,
				B50020022FCB3CDF00AD7420 /* Shared References */,
			);
			path = FasterFoodsIntents;
			sourceTree = "<group>";
		};
		B50020022FCB3CDF00AD7420 /* Shared References */ = {
			isa = PBXGroup;
			children = (
				B50010072FCB3CDC00AD7420 /* APIClient.swift */,
				B50010082FCB3CDC00AD7420 /* APIModels.swift */,
				B50010092FCB3CDC00AD7420 /* AppGroup.swift */,
				B500100A2FCB3CDC00AD7420 /* ShoppingListIntentService.swift */,
			);
			name = "Shared References";
			sourceTree = "<group>";
		};
/* End PBXGroup section */

/* Begin PBXNativeTarget section */
		421EA8822E45607000C54B3B /* FasterFoods */ = {
			isa = PBXNativeTarget;
			buildConfigurationList = 421EA8A42E45607100C54B3B /* Build configuration list for PBXNativeTarget "FasterFoods" */;
			buildPhases = (
				421EA87F2E45607000C54B3B /* Sources */,
				421EA8802E45607000C54B3B /* Frameworks */,
				421EA8812E45607000C54B3B /* Resources */,
				B50030042FCB3D0B00AD7420 /* Embed App Extensions */,
			);
			buildRules = (
			);
			dependencies = (
				B50000212FCB3D3200AD7420 /* PBXTargetDependency */,
			);
			fileSystemSynchronizedGroups = (
				421EA8852E45607000C54B3B /* FasterFoods */,
			);
			name = FasterFoods;
			packageProductDependencies = (
				422F63BC2EB960C900A83440 /* GoogleSignIn */,
				422F63BE2EB960F300A83440 /* GoogleSignInSwift */,
			);
			productName = FasterFoods;
			productReference = 421EA8832E45607000C54B3B /* FasterFoods.app */;
			productType = "com.apple.product-type.application";
		};
		421EA88F2E45607100C54B3B /* FasterFoodsTests */ = {
			isa = PBXNativeTarget;
			buildConfigurationList = 421EA8A72E45607100C54B3B /* Build configuration list for PBXNativeTarget "FasterFoodsTests" */;
			buildPhases = (
				421EA88C2E45607100C54B3B /* Sources */,
				421EA88D2E45607100C54B3B /* Frameworks */,
				421EA88E2E45607100C54B3B /* Resources */,
			);
			buildRules = (
			);
			dependencies = (
				421EA8922E45607100C54B3B /* PBXTargetDependency */,
			);
			fileSystemSynchronizedGroups = (
				421EA8932E45607100C54B3B /* FasterFoodsTests */,
			);
			name = FasterFoodsTests;
			packageProductDependencies = (
			);
			productName = FasterFoodsTests;
			productReference = 421EA8902E45607100C54B3B /* FasterFoodsTests.xctest */;
			productType = "com.apple.product-type.bundle.unit-test";
		};
		421EA8992E45607100C54B3B /* FasterFoodsUITests */ = {
			isa = PBXNativeTarget;
			buildConfigurationList = 421EA8AA2E45607100C54B3B /* Build configuration list for PBXNativeTarget "FasterFoodsUITests" */;
			buildPhases = (
				421EA8962E45607100C54B3B /* Sources */,
				421EA8972E45607100C54B3B /* Frameworks */,
				421EA8982E45607100C54B3B /* Resources */,
			);
			buildRules = (
			);
			dependencies = (
				421EA89C2E45607100C54B3B /* PBXTargetDependency */,
			);
			fileSystemSynchronizedGroups = (
				421EA89D2E45607100C54B3B /* FasterFoodsUITests */,
			);
			name = FasterFoodsUITests;
			packageProductDependencies = (
			);
			productName = FasterFoodsUITests;
			productReference = 421EA89A2E45607100C54B3B /* FasterFoodsUITests.xctest */;
			productType = "com.apple.product-type.bundle.ui-testing";
		};
		B50020002FCB3CCF00AD7420 /* FasterFoodsIntents */ = {
			isa = PBXNativeTarget;
			buildConfigurationList = B50040012FCB3CE700AD7420 /* Build configuration list for PBXNativeTarget "FasterFoodsIntents" */;
			buildPhases = (
				B50030022FCB3CCF00AD7420 /* Sources */,
				B50030012FCB3CCF00AD7420 /* Frameworks */,
				B50030032FCB3CCF00AD7420 /* Resources */,
			);
			buildRules = (
			);
			dependencies = (
			);
			name = FasterFoodsIntents;
			productName = FasterFoodsIntents;
			productReference = B50010062FCB3CD800AD7420 /* FasterFoodsIntents.appex */;
			productType = "com.apple.product-type.app-extension";
		};
/* End PBXNativeTarget section */

/* Begin PBXProject section */
		421EA87B2E45607000C54B3B /* Project object */ = {
			isa = PBXProject;
			attributes = {
				BuildIndependentTargetsInParallel = 1;
				LastSwiftUpdateCheck = 1640;
				LastUpgradeCheck = 1640;
				TargetAttributes = {
					421EA8822E45607000C54B3B = {
						CreatedOnToolsVersion = 16.4;
					};
					421EA88F2E45607100C54B3B = {
						CreatedOnToolsVersion = 16.4;
						TestTargetID = 421EA8822E45607000C54B3B;
					};
					421EA8992E45607100C54B3B = {
						CreatedOnToolsVersion = 16.4;
						TestTargetID = 421EA8822E45607000C54B3B;
					};
					B50020002FCB3CCF00AD7420 = {
						CreatedOnToolsVersion = 16.4;
					};
				};
			};
			buildConfigurationList = 421EA87E2E45607000C54B3B /* Build configuration list for PBXProject "FasterFoods" */;
			developmentRegion = en;
			hasScannedForEncodings = 0;
			knownRegions = (
				en,
				Base,
			);
			mainGroup = 421EA87A2E45607000C54B3B;
			minimizedProjectReferenceProxies = 1;
			packageReferences = (
				422F63BB2EB960C900A83440 /* XCRemoteSwiftPackageReference "GoogleSignIn-iOS" */,
			);
			preferredProjectObjectVersion = 77;
			productRefGroup = 421EA8842E45607000C54B3B /* Products */;
			projectDirPath = "";
			projectRoot = "";
			targets = (
				421EA8822E45607000C54B3B /* FasterFoods */,
				421EA88F2E45607100C54B3B /* FasterFoodsTests */,
				421EA8992E45607100C54B3B /* FasterFoodsUITests */,
				B50020002FCB3CCF00AD7420 /* FasterFoodsIntents */,
			);
		};
/* End PBXProject section */

/* Begin PBXResourcesBuildPhase section */
		421EA8812E45607000C54B3B /* Resources */ = {
			isa = PBXResourcesBuildPhase;
			buildActionMask = 2147483647;
			files = (
			);
			runOnlyForDeploymentPostprocessing = 0;
		};
		421EA88E2E45607100C54B3B /* Resources */ = {
			isa = PBXResourcesBuildPhase;
			buildActionMask = 2147483647;
			files = (
			);
			runOnlyForDeploymentPostprocessing = 0;
		};
		421EA8982E45607100C54B3B /* Resources */ = {
			isa = PBXResourcesBuildPhase;
			buildActionMask = 2147483647;
			files = (
			);
			runOnlyForDeploymentPostprocessing = 0;
		};
		B50030032FCB3CCF00AD7420 /* Resources */ = {
			isa = PBXResourcesBuildPhase;
			buildActionMask = 2147483647;
			files = (
			);
			runOnlyForDeploymentPostprocessing = 0;
		};
/* End PBXResourcesBuildPhase section */

/* Begin PBXSourcesBuildPhase section */
		421EA87F2E45607000C54B3B /* Sources */ = {
			isa = PBXSourcesBuildPhase;
			buildActionMask = 2147483647;
			files = (
			);
			runOnlyForDeploymentPostprocessing = 0;
		};
		421EA88C2E45607100C54B3B /* Sources */ = {
			isa = PBXSourcesBuildPhase;
			buildActionMask = 2147483647;
			files = (
			);
			runOnlyForDeploymentPostprocessing = 0;
		};
		421EA8962E45607100C54B3B /* Sources */ = {
			isa = PBXSourcesBuildPhase;
			buildActionMask = 2147483647;
			files = (
			);
			runOnlyForDeploymentPostprocessing = 0;
		};
		B50030022FCB3CCF00AD7420 /* Sources */ = {
			isa = PBXSourcesBuildPhase;
			buildActionMask = 2147483647;
			files = (
				B50000102FCB3CD800AD7420 /* AddShoppingItemIntent.swift in Sources */,
				B50000112FCB3CD800AD7420 /* ShoppingListEntity.swift in Sources */,
				B50000122FCB3CD800AD7420 /* FasterFoodsShortcuts.swift in Sources */,
				B50000132FCB3CD800AD7420 /* FasterFoodsIntents.swift in Sources */,
				B50000142FCB3CD800AD7420 /* ShoppingListIntentService.swift in Sources */,
				B50000152FCB3CD800AD7420 /* AppGroup.swift in Sources */,
				B50000162FCB3CD800AD7420 /* APIClient.swift in Sources */,
				B50000172FCB3CD800AD7420 /* APIModels.swift in Sources */,
			);
			runOnlyForDeploymentPostprocessing = 0;
		};
/* End PBXSourcesBuildPhase section */

/* Begin PBXTargetDependency section */
		421EA8922E45607100C54B3B /* PBXTargetDependency */ = {
			isa = PBXTargetDependency;
			target = 421EA8822E45607000C54B3B /* FasterFoods */;
			targetProxy = 421EA8912E45607100C54B3B /* PBXContainerItemProxy */;
		};
		421EA89C2E45607100C54B3B /* PBXTargetDependency */ = {
			isa = PBXTargetDependency;
			target = 421EA8822E45607000C54B3B /* FasterFoods */;
			targetProxy = 421EA89B2E45607100C54B3B /* PBXContainerItemProxy */;
		};
		B50000212FCB3D3200AD7420 /* PBXTargetDependency */ = {
			isa = PBXTargetDependency;
			target = B50020002FCB3CCF00AD7420 /* FasterFoodsIntents */;
			targetProxy = B50000202FCB3D3200AD7420 /* PBXContainerItemProxy */;
		};
/* End PBXTargetDependency section */

/* Begin XCBuildConfiguration section */
		421EA8A22E45607100C54B3B /* Debug */ = {
			isa = XCBuildConfiguration;
			buildSettings = {
				ALWAYS_SEARCH_USER_PATHS = NO;
				ASSETCATALOG_COMPILER_GENERATE_SWIFT_ASSET_SYMBOL_EXTENSIONS = YES;
				CLANG_ANALYZER_NONNULL = YES;
				CLANG_ANALYZER_NUMBER_OBJECT_CONVERSION = YES_AGGRESSIVE;
				CLANG_CXX_LANGUAGE_STANDARD = "gnu++20";
				CLANG_ENABLE_MODULES = YES;
				CLANG_ENABLE_OBJC_ARC = YES;
				CLANG_ENABLE_OBJC_WEAK = YES;
				CLANG_WARN_BLOCK_CAPTURE_AUTORELEASING = YES;
				CLANG_WARN_BOOL_CONVERSION = YES;
				CLANG_WARN_COMMA = YES;
				CLANG_WARN_CONSTANT_CONVERSION = YES;
				CLANG_WARN_DEPRECATED_OBJC_IMPLEMENTATIONS = YES;
				CLANG_WARN_DIRECT_OBJC_ISA_USAGE = YES_ERROR;
				CLANG_WARN_DOCUMENTATION_COMMENTS = YES;
				CLANG_WARN_EMPTY_BODY = YES;
				CLANG_WARN_ENUM_CONVERSION = YES;
				CLANG_WARN_INFINITE_RECURSION = YES;
				CLANG_WARN_INT_CONVERSION = YES;
				CLANG_WARN_NON_LITERAL_NULL_CONVERSION = YES;
				CLANG_WARN_OBJC_IMPLICIT_RETAIN_SELF = YES;
				CLANG_WARN_OBJC_LITERAL_CONVERSION = YES;
				CLANG_WARN_OBJC_ROOT_CLASS = YES_ERROR;
				CLANG_WARN_QUOTED_INCLUDE_IN_FRAMEWORK_HEADER = YES;
				CLANG_WARN_RANGE_LOOP_ANALYSIS = YES;
				CLANG_WARN_STRICT_PROTOTYPES = YES;
				CLANG_WARN_SUSPICIOUS_MOVE = YES;
				CLANG_WARN_UNGUARDED_AVAILABILITY = YES_AGGRESSIVE;
				CLANG_WARN_UNREACHABLE_CODE = YES;
				CLANG_WARN__DUPLICATE_METHOD_MATCH = YES;
				COPY_PHASE_STRIP = NO;
				DEBUG_INFORMATION_FORMAT = dwarf;
				DEVELOPMENT_TEAM = UN57F338LT;
				ENABLE_STRICT_OBJC_MSGSEND = YES;
				ENABLE_TESTABILITY = YES;
				ENABLE_USER_SCRIPT_SANDBOXING = YES;
				GCC_C_LANGUAGE_STANDARD = gnu17;
				GCC_DYNAMIC_NO_PIC = NO;
				GCC_NO_COMMON_BLOCKS = YES;
				GCC_OPTIMIZATION_LEVEL = 0;
				GCC_PREPROCESSOR_DEFINITIONS = (
					"DEBUG=1",
					"$(inherited)",
				);
				GCC_WARN_64_TO_32_BIT_CONVERSION = YES;
				GCC_WARN_ABOUT_RETURN_TYPE = YES_ERROR;
				GCC_WARN_UNDECLARED_SELECTOR = YES;
				GCC_WARN_UNINITIALIZED_AUTOS = YES_AGGRESSIVE;
				GCC_WARN_UNUSED_FUNCTION = YES;
				GCC_WARN_UNUSED_VARIABLE = YES;
				IPHONEOS_DEPLOYMENT_TARGET = 18.5;
				LOCALIZATION_PREFERS_STRING_CATALOGS = YES;
				MTL_ENABLE_DEBUG_INFO = INCLUDE_SOURCE;
				MTL_FAST_MATH = YES;
				ONLY_ACTIVE_ARCH = YES;
				SDKROOT = iphoneos;
				SWIFT_ACTIVE_COMPILATION_CONDITIONS = "DEBUG $(inherited)";
				SWIFT_OPTIMIZATION_LEVEL = "-Onone";
			};
			name = Debug;
		};
		421EA8A32E45607100C54B3B /* Release */ = {
			isa = XCBuildConfiguration;
			buildSettings = {
				ALWAYS_SEARCH_USER_PATHS = NO;
				ASSETCATALOG_COMPILER_GENERATE_SWIFT_ASSET_SYMBOL_EXTENSIONS = YES;
				CLANG_ANALYZER_NONNULL = YES;
				CLANG_ANALYZER_NUMBER_OBJECT_CONVERSION = YES_AGGRESSIVE;
				CLANG_CXX_LANGUAGE_STANDARD = "gnu++20";
				CLANG_ENABLE_MODULES = YES;
				CLANG_ENABLE_OBJC_ARC = YES;
				CLANG_ENABLE_OBJC_WEAK = YES;
				CLANG_WARN_BLOCK_CAPTURE_AUTORELEASING = YES;
				CLANG_WARN_BOOL_CONVERSION = YES;
				CLANG_WARN_COMMA = YES;
				CLANG_WARN_CONSTANT_CONVERSION = YES;
				CLANG_WARN_DEPRECATED_OBJC_IMPLEMENTATIONS = YES;
				CLANG_WARN_DIRECT_OBJC_ISA_USAGE = YES_ERROR;
				CLANG_WARN_DOCUMENTATION_COMMENTS = YES;
				CLANG_WARN_EMPTY_BODY = YES;
				CLANG_WARN_ENUM_CONVERSION = YES;
				CLANG_WARN_INFINITE_RECURSION = YES;
				CLANG_WARN_INT_CONVERSION = YES;
				CLANG_WARN_NON_LITERAL_NULL_CONVERSION = YES;
				CLANG_WARN_OBJC_IMPLICIT_RETAIN_SELF = YES;
				CLANG_WARN_OBJC_LITERAL_CONVERSION = YES;
				CLANG_WARN_OBJC_ROOT_CLASS = YES_ERROR;
				CLANG_WARN_QUOTED_INCLUDE_IN_FRAMEWORK_HEADER = YES;
				CLANG_WARN_RANGE_LOOP_ANALYSIS = YES;
				CLANG_WARN_STRICT_PROTOTYPES = YES;
				CLANG_WARN_SUSPICIOUS_MOVE = YES;
				CLANG_WARN_UNGUARDED_AVAILABILITY = YES_AGGRESSIVE;
				CLANG_WARN_UNREACHABLE_CODE = YES;
				CLANG_WARN__DUPLICATE_METHOD_MATCH = YES;
				COPY_PHASE_STRIP = NO;
				DEBUG_INFORMATION_FORMAT = "dwarf-with-dsym";
				DEVELOPMENT_TEAM = UN57F338LT;
				ENABLE_NS_ASSERTIONS = NO;
				ENABLE_STRICT_OBJC_MSGSEND = YES;
				ENABLE_USER_SCRIPT_SANDBOXING = YES;
				GCC_C_LANGUAGE_STANDARD = gnu17;
				GCC_NO_COMMON_BLOCKS = YES;
				GCC_WARN_64_TO_32_BIT_CONVERSION = YES;
				GCC_WARN_ABOUT_RETURN_TYPE = YES_ERROR;
				GCC_WARN_UNDECLARED_SELECTOR = YES;
				GCC_WARN_UNINITIALIZED_AUTOS = YES_AGGRESSIVE;
				GCC_WARN_UNUSED_FUNCTION = YES;
				GCC_WARN_UNUSED_VARIABLE = YES;
				IPHONEOS_DEPLOYMENT_TARGET = 18.5;
				LOCALIZATION_PREFERS_STRING_CATALOGS = YES;
				MTL_ENABLE_DEBUG_INFO = NO;
				MTL_FAST_MATH = YES;
				SDKROOT = iphoneos;
				SWIFT_COMPILATION_MODE = wholemodule;
				VALIDATE_PRODUCT = YES;
			};
			name = Release;
		};
		421EA8A52E45607100C54B3B /* Debug */ = {
			isa = XCBuildConfiguration;
			buildSettings = {
				ASSETCATALOG_COMPILER_APPICON_NAME = AppIcon;
				ASSETCATALOG_COMPILER_GLOBAL_ACCENT_COLOR_NAME = AccentColor;
				ASSETCATALOG_COMPILER_INCLUDE_ALL_APPICON_ASSETS = YES;
				CODE_SIGN_ENTITLEMENTS = FasterFoods/FasterFoods.entitlements;
				CODE_SIGN_IDENTITY = "Apple Development";
				CODE_SIGN_STYLE = Automatic;
				CURRENT_PROJECT_VERSION = 1;
				DEVELOPMENT_TEAM = UN57F338LT;
				ENABLE_PREVIEWS = YES;
				GENERATE_INFOPLIST_FILE = YES;
				INFOPLIST_FILE = FasterFoods/Info.plist;
				INFOPLIST_KEY_CFBundleDisplayName = FasterFoods;
				INFOPLIST_KEY_LSApplicationCategoryType = "public.app-category.healthcare-fitness";
				INFOPLIST_KEY_NSHealthShareUsageDescription = "FasterFoods reads your Apple Health workouts so you can log them here";
				INFOPLIST_KEY_NSHealthUpdateUsageDescription = "FasterFoods reads your Apple Health workouts so you can log them here";
				INFOPLIST_KEY_NSSiriUsageDescription = "FasterFoods connects with Siri so you can easily add items to your shopping lists";
				INFOPLIST_KEY_UIApplicationSceneManifest_Generation = YES;
				INFOPLIST_KEY_UIApplicationSupportsIndirectInputEvents = YES;
				INFOPLIST_KEY_UILaunchScreen_Generation = YES;
				INFOPLIST_KEY_UISupportedInterfaceOrientations = UIInterfaceOrientationPortrait;
				INFOPLIST_KEY_UISupportedInterfaceOrientations_iPad = "UIInterfaceOrientationLandscapeLeft UIInterfaceOrientationLandscapeRight UIInterfaceOrientationPortrait UIInterfaceOrientationPortraitUpsideDown";
				IPHONEOS_DEPLOYMENT_TARGET = 18.0;
				LD_RUNPATH_SEARCH_PATHS = (
					"$(inherited)",
					"@executable_path/Frameworks",
				);
				MARKETING_VERSION = 1.2;
				PRODUCT_BUNDLE_IDENTIFIER = co.uk.ritvik.FasterFoods;
				PRODUCT_NAME = "$(TARGET_NAME)";
				PROVISIONING_PROFILE_SPECIFIER = "";
				SUPPORTED_PLATFORMS = "iphoneos iphonesimulator";
				SUPPORTS_MACCATALYST = NO;
				SUPPORTS_MAC_DESIGNED_FOR_IPHONE_IPAD = NO;
				SUPPORTS_XR_DESIGNED_FOR_IPHONE_IPAD = NO;
				SWIFT_EMIT_LOC_STRINGS = YES;
				SWIFT_VERSION = 5.0;
				TARGETED_DEVICE_FAMILY = 1;
			};
			name = Debug;
		};
		421EA8A62E45607100C54B3B /* Release */ = {
			isa = XCBuildConfiguration;
			buildSettings = {
				ASSETCATALOG_COMPILER_APPICON_NAME = AppIcon;
				ASSETCATALOG_COMPILER_GLOBAL_ACCENT_COLOR_NAME = AccentColor;
				ASSETCATALOG_COMPILER_INCLUDE_ALL_APPICON_ASSETS = YES;
				CODE_SIGN_ENTITLEMENTS = FasterFoods/FasterFoods.entitlements;
				CODE_SIGN_IDENTITY = "Apple Development";
				CODE_SIGN_STYLE = Automatic;
				CURRENT_PROJECT_VERSION = 1;
				DEVELOPMENT_TEAM = UN57F338LT;
				ENABLE_PREVIEWS = YES;
				GENERATE_INFOPLIST_FILE = YES;
				INFOPLIST_FILE = FasterFoods/Info.plist;
				INFOPLIST_KEY_CFBundleDisplayName = FasterFoods;
				INFOPLIST_KEY_LSApplicationCategoryType = "public.app-category.healthcare-fitness";
				INFOPLIST_KEY_NSHealthShareUsageDescription = "FasterFoods reads your Apple Health workouts so you can log them here";
				INFOPLIST_KEY_NSHealthUpdateUsageDescription = "FasterFoods reads your Apple Health workouts so you can log them here";
				INFOPLIST_KEY_NSSiriUsageDescription = "FasterFoods connects with Siri so you can easily add items to your shopping lists";
				INFOPLIST_KEY_UIApplicationSceneManifest_Generation = YES;
				INFOPLIST_KEY_UIApplicationSupportsIndirectInputEvents = YES;
				INFOPLIST_KEY_UILaunchScreen_Generation = YES;
				INFOPLIST_KEY_UISupportedInterfaceOrientations = UIInterfaceOrientationPortrait;
				INFOPLIST_KEY_UISupportedInterfaceOrientations_iPad = "UIInterfaceOrientationLandscapeLeft UIInterfaceOrientationLandscapeRight UIInterfaceOrientationPortrait UIInterfaceOrientationPortraitUpsideDown";
				IPHONEOS_DEPLOYMENT_TARGET = 18.0;
				LD_RUNPATH_SEARCH_PATHS = (
					"$(inherited)",
					"@executable_path/Frameworks",
				);
				MARKETING_VERSION = 1.2;
				PRODUCT_BUNDLE_IDENTIFIER = co.uk.ritvik.FasterFoods;
				PRODUCT_NAME = "$(TARGET_NAME)";
				PROVISIONING_PROFILE_SPECIFIER = "";
				SUPPORTED_PLATFORMS = "iphoneos iphonesimulator";
				SUPPORTS_MACCATALYST = NO;
				SUPPORTS_MAC_DESIGNED_FOR_IPHONE_IPAD = NO;
				SUPPORTS_XR_DESIGNED_FOR_IPHONE_IPAD = NO;
				SWIFT_EMIT_LOC_STRINGS = YES;
				SWIFT_VERSION = 5.0;
				TARGETED_DEVICE_FAMILY = 1;
			};
			name = Release;
		};
		421EA8A82E45607100C54B3B /* Debug */ = {
			isa = XCBuildConfiguration;
			buildSettings = {
				BUNDLE_LOADER = "$(TEST_HOST)";
				CODE_SIGN_STYLE = Automatic;
				CURRENT_PROJECT_VERSION = 1;
				DEVELOPMENT_TEAM = UN57F338LT;
				GENERATE_INFOPLIST_FILE = YES;
				IPHONEOS_DEPLOYMENT_TARGET = 18.0;
				MARKETING_VERSION = 1.2;
				PRODUCT_BUNDLE_IDENTIFIER = co.uk.ritvik.FasterFoodsTests;
				PRODUCT_NAME = "$(TARGET_NAME)";
				SWIFT_EMIT_LOC_STRINGS = NO;
				SWIFT_VERSION = 5.0;
				TARGETED_DEVICE_FAMILY = "1,2";
				TEST_HOST = "$(BUILT_PRODUCTS_DIR)/FasterFoods.app/$(BUNDLE_EXECUTABLE_FOLDER_PATH)/FasterFoods";
			};
			name = Debug;
		};
		421EA8A92E45607100C54B3B /* Release */ = {
			isa = XCBuildConfiguration;
			buildSettings = {
				BUNDLE_LOADER = "$(TEST_HOST)";
				CODE_SIGN_STYLE = Automatic;
				CURRENT_PROJECT_VERSION = 1;
				DEVELOPMENT_TEAM = UN57F338LT;
				GENERATE_INFOPLIST_FILE = YES;
				IPHONEOS_DEPLOYMENT_TARGET = 18.0;
				MARKETING_VERSION = 1.2;
				PRODUCT_BUNDLE_IDENTIFIER = co.uk.ritvik.FasterFoodsTests;
				PRODUCT_NAME = "$(TARGET_NAME)";
				SWIFT_EMIT_LOC_STRINGS = NO;
				SWIFT_VERSION = 5.0;
				TARGETED_DEVICE_FAMILY = "1,2";
				TEST_HOST = "$(BUILT_PRODUCTS_DIR)/FasterFoods.app/$(BUNDLE_EXECUTABLE_FOLDER_PATH)/FasterFoods";
			};
			name = Release;
		};
		421EA8AB2E45607100C54B3B /* Debug */ = {
			isa = XCBuildConfiguration;
			buildSettings = {
				CODE_SIGN_STYLE = Automatic;
				CURRENT_PROJECT_VERSION = 1;
				DEVELOPMENT_TEAM = UN57F338LT;
				GENERATE_INFOPLIST_FILE = YES;
				MARKETING_VERSION = 1.2;
				PRODUCT_BUNDLE_IDENTIFIER = co.uk.ritvik.FasterFoodsUITests;
				PRODUCT_NAME = "$(TARGET_NAME)";
				SWIFT_EMIT_LOC_STRINGS = NO;
				SWIFT_VERSION = 5.0;
				TARGETED_DEVICE_FAMILY = "1,2";
				TEST_TARGET_NAME = FasterFoods;
			};
			name = Debug;
		};
		421EA8AC2E45607100C54B3B /* Release */ = {
			isa = XCBuildConfiguration;
			buildSettings = {
				CODE_SIGN_STYLE = Automatic;
				CURRENT_PROJECT_VERSION = 1;
				DEVELOPMENT_TEAM = UN57F338LT;
				GENERATE_INFOPLIST_FILE = YES;
				MARKETING_VERSION = 1.2;
				PRODUCT_BUNDLE_IDENTIFIER = co.uk.ritvik.FasterFoodsUITests;
				PRODUCT_NAME = "$(TARGET_NAME)";
				SWIFT_EMIT_LOC_STRINGS = NO;
				SWIFT_VERSION = 5.0;
				TARGETED_DEVICE_FAMILY = "1,2";
				TEST_TARGET_NAME = FasterFoods;
			};
			name = Release;
		};
		B50040022FCB3CE700AD7420 /* Debug */ = {
			isa = XCBuildConfiguration;
			buildSettings = {
				ASSETCATALOG_COMPILER_GENERATE_SWIFT_ASSET_SYMBOL_EXTENSIONS = YES;
				CLANG_ANALYZER_NONNULL = YES;
				CLANG_ANALYZER_NUMBER_OBJECT_CONVERSION = YES_AGGRESSIVE;
				CLANG_CXX_LANGUAGE_STANDARD = "gnu++20";
				CLANG_ENABLE_MODULES = YES;
				CLANG_ENABLE_OBJC_ARC = YES;
				CODE_SIGN_ENTITLEMENTS = FasterFoodsIntents/FasterFoodsIntents.entitlements;
				CODE_SIGN_IDENTITY = "Apple Development";
				CODE_SIGN_STYLE = Automatic;
				CURRENT_PROJECT_VERSION = 1;
				DEVELOPMENT_TEAM = UN57F338LT;
				GENERATE_INFOPLIST_FILE = NO;
				INFOPLIST_FILE = FasterFoodsIntents/Info.plist;
				IPHONEOS_DEPLOYMENT_TARGET = 18.0;
				LD_RUNPATH_SEARCH_PATHS = (
					"$(inherited)",
					"@executable_path/Frameworks",
					"@executable_path/../../Frameworks",
				);
				MARKETING_VERSION = 1.2;
				PRODUCT_BUNDLE_IDENTIFIER = co.uk.ritvik.FasterFoods.Intents;
				PRODUCT_NAME = "$(TARGET_NAME)";
				PROVISIONING_PROFILE_SPECIFIER = "";
				SDKROOT = iphoneos;
				SKIP_INSTALL = YES;
				SUPPORTED_PLATFORMS = "iphoneos iphonesimulator";
				SUPPORTS_MACCATALYST = NO;
				SUPPORTS_MAC_DESIGNED_FOR_IPHONE_IPAD = NO;
				SUPPORTS_XR_DESIGNED_FOR_IPHONE_IPAD = NO;
				SWIFT_EMIT_LOC_STRINGS = YES;
				SWIFT_OPTIMIZATION_LEVEL = "-Onone";
				SWIFT_VERSION = 5.0;
				TARGETED_DEVICE_FAMILY = 1;
			};
			name = Debug;
		};
		B50040032FCB3CE700AD7420 /* Release */ = {
			isa = XCBuildConfiguration;
			buildSettings = {
				ASSETCATALOG_COMPILER_GENERATE_SWIFT_ASSET_SYMBOL_EXTENSIONS = YES;
				CLANG_ANALYZER_NONNULL = YES;
				CLANG_ANALYZER_NUMBER_OBJECT_CONVERSION = YES_AGGRESSIVE;
				CLANG_CXX_LANGUAGE_STANDARD = "gnu++20";
				CLANG_ENABLE_MODULES = YES;
				CLANG_ENABLE_OBJC_ARC = YES;
				CODE_SIGN_ENTITLEMENTS = FasterFoodsIntents/FasterFoodsIntents.entitlements;
				CODE_SIGN_IDENTITY = "Apple Development";
				CODE_SIGN_STYLE = Automatic;
				CURRENT_PROJECT_VERSION = 1;
				DEVELOPMENT_TEAM = UN57F338LT;
				GENERATE_INFOPLIST_FILE = NO;
				INFOPLIST_FILE = FasterFoodsIntents/Info.plist;
				IPHONEOS_DEPLOYMENT_TARGET = 18.0;
				LD_RUNPATH_SEARCH_PATHS = (
					"$(inherited)",
					"@executable_path/Frameworks",
					"@executable_path/../../Frameworks",
				);
				MARKETING_VERSION = 1.2;
				PRODUCT_BUNDLE_IDENTIFIER = co.uk.ritvik.FasterFoods.Intents;
				PRODUCT_NAME = "$(TARGET_NAME)";
				PROVISIONING_PROFILE_SPECIFIER = "";
				SDKROOT = iphoneos;
				SKIP_INSTALL = YES;
				SUPPORTED_PLATFORMS = "iphoneos iphonesimulator";
				SUPPORTS_MACCATALYST = NO;
				SUPPORTS_MAC_DESIGNED_FOR_IPHONE_IPAD = NO;
				SUPPORTS_XR_DESIGNED_FOR_IPHONE_IPAD = NO;
				SWIFT_EMIT_LOC_STRINGS = YES;
				SWIFT_VERSION = 5.0;
				TARGETED_DEVICE_FAMILY = 1;
			};
			name = Release;
		};
/* End XCBuildConfiguration section */

/* Begin XCConfigurationList section */
		421EA87E2E45607000C54B3B /* Build configuration list for PBXProject "FasterFoods" */ = {
			isa = XCConfigurationList;
			buildConfigurations = (
				421EA8A22E45607100C54B3B /* Debug */,
				421EA8A32E45607100C54B3B /* Release */,
			);
			defaultConfigurationIsVisible = 0;
			defaultConfigurationName = Release;
		};
		421EA8A42E45607100C54B3B /* Build configuration list for PBXNativeTarget "FasterFoods" */ = {
			isa = XCConfigurationList;
			buildConfigurations = (
				421EA8A52E45607100C54B3B /* Debug */,
				421EA8A62E45607100C54B3B /* Release */,
			);
			defaultConfigurationIsVisible = 0;
			defaultConfigurationName = Release;
		};
		421EA8A72E45607100C54B3B /* Build configuration list for PBXNativeTarget "FasterFoodsTests" */ = {
			isa = XCConfigurationList;
			buildConfigurations = (
				421EA8A82E45607100C54B3B /* Debug */,
				421EA8A92E45607100C54B3B /* Release */,
			);
			defaultConfigurationIsVisible = 0;
			defaultConfigurationName = Release;
		};
		421EA8AA2E45607100C54B3B /* Build configuration list for PBXNativeTarget "FasterFoodsUITests" */ = {
			isa = XCConfigurationList;
			buildConfigurations = (
				421EA8AB2E45607100C54B3B /* Debug */,
				421EA8AC2E45607100C54B3B /* Release */,
			);
			defaultConfigurationIsVisible = 0;
			defaultConfigurationName = Release;
		};
		B50040012FCB3CE700AD7420 /* Build configuration list for PBXNativeTarget "FasterFoodsIntents" */ = {
			isa = XCConfigurationList;
			buildConfigurations = (
				B50040022FCB3CE700AD7420 /* Debug */,
				B50040032FCB3CE700AD7420 /* Release */,
			);
			defaultConfigurationIsVisible = 0;
			defaultConfigurationName = Release;
		};
/* End XCConfigurationList section */

/* Begin XCRemoteSwiftPackageReference section */
		422F63BB2EB960C900A83440 /* XCRemoteSwiftPackageReference "GoogleSignIn-iOS" */ = {
			isa = XCRemoteSwiftPackageReference;
			repositoryURL = "https://github.com/google/GoogleSignIn-iOS";
			requirement = {
				kind = upToNextMajorVersion;
				minimumVersion = 9.0.0;
			};
		};
/* End XCRemoteSwiftPackageReference section */

/* Begin XCSwiftPackageProductDependency section */
		422F63BC2EB960C900A83440 /* GoogleSignIn */ = {
			isa = XCSwiftPackageProductDependency;
			package = 422F63BB2EB960C900A83440 /* XCRemoteSwiftPackageReference "GoogleSignIn-iOS" */;
			productName = GoogleSignIn;
		};
		422F63BE2EB960F300A83440 /* GoogleSignInSwift */ = {
			isa = XCSwiftPackageProductDependency;
			package = 422F63BB2EB960C900A83440 /* XCRemoteSwiftPackageReference "GoogleSignIn-iOS" */;
			productName = GoogleSignInSwift;
		};
/* End XCSwiftPackageProductDependency section */
	};
	rootObject = 421EA87B2E45607000C54B3B /* Project object */;
}
